lockfileVersion: '9.0'

settings:
  autoInstallPeers: true
  excludeLinksFromLockfile: false

importers:

  .:
    devDependencies:
      chalk:
        specifier: ^5.4.1
        version: 5.4.1
      commander:
        specifier: ^14.0.0
        version: 14.0.0

packages:

  chalk@5.4.1:
    resolution: {integrity: sha512-zgVZuo2WcZgfUEmsn6eO3kINexW8RAE4maiQ8QNs8CtpPCSyMiYsULR3HQYkm3w8FIA3SberyMJMSldGsW+U3w==}
    engines: {node: ^12.17.0 || ^14.13 || >=16.0.0}

  commander@14.0.0:
    resolution: {integrity: sha512-2uM9rYjPvyq39NwLRqaiLtWHyDC1FvryJDa2ATTVims5YAS4PupsEQsDvP14FqhFr0P49CYDugi59xaxJlTXRA==}
    engines: {node: '>=20'}

snapshots:

  chalk@5.4.1: {}

  commander@14.0.0: {}
